{
  "name": "curso-node",
  "version": "1.0.0",
  "lockfileVersion": 3,
  "requires": true,
  "packages": {
    "": {
      "name": "curso-node",
      "version": "1.0.0",
      "license": "ISC",
      "dependencies": {
        "ds": "^2.0.2",
        "picocolors": "^1.1.1"
      }
    },
    "node_modules/ds": {
      "version": "2.0.2",
      "resolved": "https://registry.npmjs.org/ds/-/ds-2.0.2.tgz",
      "integrity": "sha512-lsELvuAGkKamNB1ye+A1RXam6qAeSHpKjEp0Hd92WqRK17XEhx0Q/lJ3yge4RQd4N+AVh3ppjipGQMB8H89UYg=="
    },
    "node_modules/picocolors": {
      "version": "1.1.1",
      "resolved": "https://registry.npmjs.org/picocolors/-/picocolors-1.1.1.tgz",
      "integrity": "sha512-xceH2snhtb5M9liqDsmEw56le376mTZkEX/jEb/RxNFyegNul7eNslCXP9FDj/Lcu0X8KEyMceP2ntpaHrDEVA=="
    }
  }
}
